
Microsoft Visual Studio Solution File, Format Version 12.00
# Visual Studio 2013
VisualStudioVersion = 12.0.21005.1
MinimumVisualStudioVersion = 10.0.40219.1
Project("{FAE04EC0-301F-11D3-BF4B-00C04F79EFBC}") = "Branding.Themes", "Branding.Themes\Branding.Themes.csproj", "{0F20A2AA-3D91-43A4-B4E6-BF12E003CDBF}"
EndProject
Project("{FAE04EC0-301F-11D3-BF4B-00C04F79EFBC}") = "Branding.ThemesWeb", "Branding.ThemesWeb\Branding.ThemesWeb.csproj", "{0EFF7B2A-7A3E-4A01-B75A-74F0F4D8F64A}"
EndProject
Global
	GlobalSection(SolutionConfigurationPlatforms) = preSolution
		Debug|Any CPU = Debug|Any CPU
		Release|Any CPU = Release|Any CPU
	EndGlobalSection
	GlobalSection(ProjectConfigurationPlatforms) = postSolution
		{0F20A2AA-3D91-43A4-B4E6-BF12E003CDBF}.Debug|Any CPU.ActiveCfg = Debug|Any CPU
		{0F20A2AA-3D91-43A4-B4E6-BF12E003CDBF}.Debug|Any CPU.Build.0 = Debug|Any CPU
		{0F20A2AA-3D91-43A4-B4E6-BF12E003CDBF}.Debug|Any CPU.Deploy.0 = Debug|Any CPU
		{0F20A2AA-3D91-43A4-B4E6-BF12E003CDBF}.Release|Any CPU.ActiveCfg = Release|Any CPU
		{0F20A2AA-3D91-43A4-B4E6-BF12E003CDBF}.Release|Any CPU.Build.0 = Release|Any CPU
		{0F20A2AA-3D91-43A4-B4E6-BF12E003CDBF}.Release|Any CPU.Deploy.0 = Release|Any CPU
		{0EFF7B2A-7A3E-4A01-B75A-74F0F4D8F64A}.Debug|Any CPU.ActiveCfg = Debug|Any CPU
		{0EFF7B2A-7A3E-4A01-B75A-74F0F4D8F64A}.Debug|Any CPU.Build.0 = Debug|Any CPU
		{0EFF7B2A-7A3E-4A01-B75A-74F0F4D8F64A}.Release|Any CPU.ActiveCfg = Release|Any CPU
		{0EFF7B2A-7A3E-4A01-B75A-74F0F4D8F64A}.Release|Any CPU.Build.0 = Release|Any CPU
	EndGlobalSection
	GlobalSection(SolutionProperties) = preSolution
		HideSolutionNode = FALSE
	EndGlobalSection
EndGlobal
