
Microsoft Visual Studio Solution File, Format Version 12.00
# Visual Studio 2013
VisualStudioVersion = 12.0.21005.1
MinimumVisualStudioVersion = 10.0.40219.1
Project("{FAE04EC0-301F-11D3-BF4B-00C04F79EFBC}") = "Sample.DisplayMessage", "Sample.DisplayMessage\Sample.DisplayMessage.csproj", "{DBD7A5B2-42D7-4E5D-9FC6-5F744E720747}"
EndProject
Global
	GlobalSection(SolutionConfigurationPlatforms) = preSolution
		Debug|Any CPU = Debug|Any CPU
		Release|Any CPU = Release|Any CPU
	EndGlobalSection
	GlobalSection(ProjectConfigurationPlatforms) = postSolution
		{DBD7A5B2-42D7-4E5D-9FC6-5F744E720747}.Debug|Any CPU.ActiveCfg = Debug|Any CPU
		{DBD7A5B2-42D7-4E5D-9FC6-5F744E720747}.Debug|Any CPU.Build.0 = Debug|Any CPU
		{DBD7A5B2-42D7-4E5D-9FC6-5F744E720747}.Debug|Any CPU.Deploy.0 = Debug|Any CPU
		{DBD7A5B2-42D7-4E5D-9FC6-5F744E720747}.Release|Any CPU.ActiveCfg = Release|Any CPU
		{DBD7A5B2-42D7-4E5D-9FC6-5F744E720747}.Release|Any CPU.Build.0 = Release|Any CPU
		{DBD7A5B2-42D7-4E5D-9FC6-5F744E720747}.Release|Any CPU.Deploy.0 = Release|Any CPU
	EndGlobalSection
	GlobalSection(SolutionProperties) = preSolution
		HideSolutionNode = FALSE
	EndGlobalSection
EndGlobal
